// !$*UTF8*$!
{
	archiveVersion = 1;
	classes = {
	};
	objectVersion = 56;
	objects = {

/* Begin PBXBuildFile section */
		33F19F4428EC16AB00FA46C0 /* journal_swiftuiApp.swift in Sources */ = {isa = PBXBuildFile; fileRef = 33F19F4328EC16AB00FA46C0 /* journal_swiftuiApp.swift */; };
		33F19F4628EC16AB00FA46C0 /* ContentView.swift in Sources */ = {isa = PBXBuildFile; fileRef = 33F19F4528EC16AB00FA46C0 /* ContentView.swift */; };
		33F19F4828EC16AD00FA46C0 /* Assets.xcassets in Resources */ = {isa = PBXBuildFile; fileRef = 33F19F4728EC16AD00FA46C0 /* Assets.xcassets */; };
		33F19F4B28EC16AD00FA46C0 /* Preview Assets.xcassets in Resources */ = {isa = PBXBuildFile; fileRef = 33F19F4A28EC16AD00FA46C0 /* Preview Assets.xcassets */; };
		33F19F5528EC16AD00FA46C0 /* journal_swiftuiTests.swift in Sources */ = {isa = PBXBuildFile; fileRef = 33F19F5428EC16AD00FA46C0 /* journal_swiftuiTests.swift */; };
		33F19F5F28EC16AD00FA46C0 /* journal_swiftuiUITests.swift in Sources */ = {isa = PBXBuildFile; fileRef = 33F19F5E28EC16AD00FA46C0 /* journal_swiftuiUITests.swift */; };
		33F19F6128EC16AD00FA46C0 /* journal_swiftuiUITestsLaunchTests.swift in Sources */ = {isa = PBXBuildFile; fileRef = 33F19F6028EC16AD00FA46C0 /* journal_swiftuiUITestsLaunchTests.swift */; };
		33F19F6E28EC17FD00FA46C0 /* JournalEntry.swift in Sources */ = {isa = PBXBuildFile; fileRef = 33F19F6D28EC17FD00FA46C0 /* JournalEntry.swift */; };
		33F19F7028EC185000FA46C0 /* Journal.swift in Sources */ = {isa = PBXBuildFile; fileRef = 33F19F6F28EC185000FA46C0 /* Journal.swift */; };
/* End PBXBuildFile section */

/* Begin PBXContainerItemProxy section */
		33F19F5128EC16AD00FA46C0 /* PBXContainerItemProxy */ = {
			isa = PBXContainerItemProxy;
			containerPortal = 33F19F3828EC16AB00FA46C0 /* Project object */;
			proxyType = 1;
			remoteGlobalIDString = 33F19F3F28EC16AB00FA46C0;
			remoteInfo = journal_swiftui;
		};
		33F19F5B28EC16AD00FA46C0 /* PBXContainerItemProxy */ = {
			isa = PBXContainerItemProxy;
			containerPortal = 33F19F3828EC16AB00FA46C0 /* Project object */;
			proxyType = 1;
			remoteGlobalIDString = 33F19F3F28EC16AB00FA46C0;
			remoteInfo = journal_swiftui;
		};
/* End PBXContainerItemProxy section */

/* Begin PBXFileReference section */
		33F19F4028EC16AB00FA46C0 /* journal_swiftui.app */ = {isa = PBXFileReference; explicitFileType = wrapper.application; includeInIndex = 0; path = journal_swiftui.app; sourceTree = BUILT_PRODUCTS_DIR; };
		33F19F4328EC16AB00FA46C0 /* journal_swiftuiApp.swift */ = {isa = PBXFileReference; lastKnownFileType = sourcecode.swift; path = journal_swiftuiApp.swift; sourceTree = "<group>"; };
		33F19F4528EC16AB00FA46C0 /* ContentView.swift */ = {isa = PBXFileReference; lastKnownFileType = sourcecode.swift; path = ContentView.swift; sourceTree = "<group>"; };
		33F19F4728EC16AD00FA46C0 /* Assets.xcassets */ = {isa = PBXFileReference; lastKnownFileType = folder.assetcatalog; path = Assets.xcassets; sourceTree = "<group>"; };
		33F19F4A28EC16AD00FA46C0 /* Preview Assets.xcassets */ = {isa = PBXFileReference; lastKnownFileType = folder.assetcatalog; path = "Preview Assets.xcassets"; sourceTree = "<group>"; };
		33F19F5028EC16AD00FA46C0 /* journal_swiftuiTests.xctest */ = {isa = PBXFileReference; explicitFileType = wrapper.cfbundle; includeInIndex = 0; path = journal_swiftuiTests.xctest; sourceTree = BUILT_PRODUCTS_DIR; };
		33F19F5428EC16AD00FA46C0 /* journal_swiftuiTests.swift */ = {isa = PBXFileReference; lastKnownFileType = sourcecode.swift; path = journal_swiftuiTests.swift; sourceTree = "<group>"; };
		33F19F5A28EC16AD00FA46C0 /* journal_swiftuiUITests.xctest */ = {isa = PBXFileReference; explicitFileType = wrapper.cfbundle; includeInIndex = 0; path = journal_swiftuiUITests.xctest; sourceTree = BUILT_PRODUCTS_DIR; };
		33F19F5E28EC16AD00FA46C0 /* journal_swiftuiUITests.swift */ = {isa = PBXFileReference; lastKnownFileType = sourcecode.swift; path = journal_swiftuiUITests.swift; sourceTree = "<group>"; };
		33F19F6028EC16AD00FA46C0 /* journal_swiftuiUITestsLaunchTests.swift */ = {isa = PBXFileReference; lastKnownFileType = sourcecode.swift; path = journal_swiftuiUITestsLaunchTests.swift; sourceTree = "<group>"; };
		33F19F6D28EC17FD00FA46C0 /* JournalEntry.swift */ = {isa = PBXFileReference; lastKnownFileType = sourcecode.swift; path = JournalEntry.swift; sourceTree = "<group>"; };
		33F19F6F28EC185000FA46C0 /* Journal.swift */ = {isa = PBXFileReference; lastKnownFileType = sourcecode.swift; path = Journal.swift; sourceTree = "<group>"; };
/* End PBXFileReference section */

/* Begin PBXFrameworksBuildPhase section */
		33F19F3D28EC16AB00FA46C0 /* Frameworks */ = {
			isa = PBXFrameworksBuildPhase;
			buildActionMask = 2147483647;
			files = (
			);
			runOnlyForDeploymentPostprocessing = 0;
		};
		33F19F4D28EC16AD00FA46C0 /* Frameworks */ = {
			isa = PBXFrameworksBuildPhase;
			buildActionMask = 2147483647;
			files = (
			);
			runOnlyForDeploymentPostprocessing = 0;
		};
		33F19F5728EC16AD00FA46C0 /* Frameworks */ = {
			isa = PBXFrameworksBuildPhase;
			buildActionMask = 2147483647;
			files = (
			);
			runOnlyForDeploymentPostprocessing = 0;
		};
/* End PBXFrameworksBuildPhase section */

/* Begin PBXGroup section */
		33F19F3728EC16AB00FA46C0 = {
			isa = PBXGroup;
			children = (
				33F19F4228EC16AB00FA46C0 /* journal_swiftui */,
				33F19F5328EC16AD00FA46C0 /* journal_swiftuiTests */,
				33F19F5D28EC16AD00FA46C0 /* journal_swiftuiUITests */,
				33F19F4128EC16AB00FA46C0 /* Products */,
			);
			sourceTree = "<group>";
		};
		33F19F4128EC16AB00FA46C0 /* Products */ = {
			isa = PBXGroup;
			children = (
				33F19F4028EC16AB00FA46C0 /* journal_swiftui.app */,
				33F19F5028EC16AD00FA46C0 /* journal_swiftuiTests.xctest */,
				33F19F5A28EC16AD00FA46C0 /* journal_swiftuiUITests.xctest */,
			);
			name = Products;
			sourceTree = "<group>";
		};
		33F19F4228EC16AB00FA46C0 /* journal_swiftui */ = {
			isa = PBXGroup;
			children = (
				33F19F4328EC16AB00FA46C0 /* journal_swiftuiApp.swift */,
				33F19F4528EC16AB00FA46C0 /* ContentView.swift */,
				33F19F4728EC16AD00FA46C0 /* Assets.xcassets */,
				33F19F4928EC16AD00FA46C0 /* Preview Content */,
				33F19F6D28EC17FD00FA46C0 /* JournalEntry.swift */,
				33F19F6F28EC185000FA46C0 /* Journal.swift */,
			);
			path = journal_swiftui;
			sourceTree = "<group>";
		};
		33F19F4928EC16AD00FA46C0 /* Preview Content */ = {
			isa = PBXGroup;
			children = (
				33F19F4A28EC16AD00FA46C0 /* Preview Assets.xcassets */,
			);
			path = "Preview Content";
			sourceTree = "<group>";
		};
		33F19F5328EC16AD00FA46C0 /* journal_swiftuiTests */ = {
			isa = PBXGroup;
			children = (
				33F19F5428EC16AD00FA46C0 /* journal_swiftuiTests.swift */,
			);
			path = journal_swiftuiTests;
			sourceTree = "<group>";
		};
		33F19F5D28EC16AD00FA46C0 /* journal_swiftuiUITests */ = {
			isa = PBXGroup;
			children = (
				33F19F5E28EC16AD00FA46C0 /* journal_swiftuiUITests.swift */,
				33F19F6028EC16AD00FA46C0 /* journal_swiftuiUITestsLaunchTests.swift */,
			);
			path = journal_swiftuiUITests;
			sourceTree = "<group>";
		};
/* End PBXGroup section */

/* Begin PBXNativeTarget section */
		33F19F3F28EC16AB00FA46C0 /* journal_swiftui */ = {
			isa = PBXNativeTarget;
			buildConfigurationList = 33F19F6428EC16AD00FA46C0 /* Build configuration list for PBXNativeTarget "journal_swiftui" */;
			buildPhases = (
				33F19F3C28EC16AB00FA46C0 /* Sources */,
				33F19F3D28EC16AB00FA46C0 /* Frameworks */,
				33F19F3E28EC16AB00FA46C0 /* Resources */,
			);
			buildRules = (
			);
			dependencies = (
			);
			name = journal_swiftui;
			productName = journal_swiftui;
			productReference = 33F19F4028EC16AB00FA46C0 /* journal_swiftui.app */;
			productType = "com.apple.product-type.application";
		};
		33F19F4F28EC16AD00FA46C0 /* journal_swiftuiTests */ = {
			isa = PBXNativeTarget;
			buildConfigurationList = 33F19F6728EC16AD00FA46C0 /* Build configuration list for PBXNativeTarget "journal_swiftuiTests" */;
			buildPhases = (
				33F19F4C28EC16AD00FA46C0 /* Sources */,
				33F19F4D28EC16AD00FA46C0 /* Frameworks */,
				33F19F4E28EC16AD00FA46C0 /* Resources */,
			);
			buildRules = (
			);
			dependencies = (
				33F19F5228EC16AD00FA46C0 /* PBXTargetDependency */,
			);
			name = journal_swiftuiTests;
			productName = journal_swiftuiTests;
			productReference = 33F19F5028EC16AD00FA46C0 /* journal_swiftuiTests.xctest */;
			productType = "com.apple.product-type.bundle.unit-test";
		};
		33F19F5928EC16AD00FA46C0 /* journal_swiftuiUITests */ = {
			isa = PBXNativeTarget;
			buildConfigurationList = 33F19F6A28EC16AD00FA46C0 /* Build configuration list for PBXNativeTarget "journal_swiftuiUITests" */;
			buildPhases = (
				33F19F5628EC16AD00FA46C0 /* Sources */,
				33F19F5728EC16AD00FA46C0 /* Frameworks */,
				33F19F5828EC16AD00FA46C0 /* Resources */,
			);
			buildRules = (
			);
			dependencies = (
				33F19F5C28EC16AD00FA46C0 /* PBXTargetDependency */,
			);
			name = journal_swiftuiUITests;
			productName = journal_swiftuiUITests;
			productReference = 33F19F5A28EC16AD00FA46C0 /* journal_swiftuiUITests.xctest */;
			productType = "com.apple.product-type.bundle.ui-testing";
		};
/* End PBXNativeTarget section */

/* Begin PBXProject section */
		33F19F3828EC16AB00FA46C0 /* Project object */ = {
			isa = PBXProject;
			attributes = {
				BuildIndependentTargetsInParallel = 1;
				LastSwiftUpdateCheck = 1400;
				LastUpgradeCheck = 1400;
				TargetAttributes = {
					33F19F3F28EC16AB00FA46C0 = {
						CreatedOnToolsVersion = 14.0.1;
					};
					33F19F4F28EC16AD00FA46C0 = {
						CreatedOnToolsVersion = 14.0.1;
						TestTargetID = 33F19F3F28EC16AB00FA46C0;
					};
					33F19F5928EC16AD00FA46C0 = {
						CreatedOnToolsVersion = 14.0.1;
						TestTargetID = 33F19F3F28EC16AB00FA46C0;
					};
				};
			};
			buildConfigurationList = 33F19F3B28EC16AB00FA46C0 /* Build configuration list for PBXProject "journal_swiftui" */;
			compatibilityVersion = "Xcode 14.0";
			developmentRegion = en;
			hasScannedForEncodings = 0;
			knownRegions = (
				en,
				Base,
			);
			mainGroup = 33F19F3728EC16AB00FA46C0;
			productRefGroup = 33F19F4128EC16AB00FA46C0 /* Products */;
			projectDirPath = "";
			projectRoot = "";
			targets = (
				33F19F3F28EC16AB00FA46C0 /* journal_swiftui */,
				33F19F4F28EC16AD00FA46C0 /* journal_swiftuiTests */,
				33F19F5928EC16AD00FA46C0 /* journal_swiftuiUITests */,
			);
		};
/* End PBXProject section */

/* Begin PBXResourcesBuildPhase section */
		33F19F3E28EC16AB00FA46C0 /* Resources */ = {
			isa = PBXResourcesBuildPhase;
			buildActionMask = 2147483647;
			files = (
				33F19F4B28EC16AD00FA46C0 /* Preview Assets.xcassets in Resources */,
				33F19F4828EC16AD00FA46C0 /* Assets.xcassets in Resources */,
			);
			runOnlyForDeploymentPostprocessing = 0;
		};
		33F19F4E28EC16AD00FA46C0 /* Resources */ = {
			isa = PBXResourcesBuildPhase;
			buildActionMask = 2147483647;
			files = (
			);
			runOnlyForDeploymentPostprocessing = 0;
		};
		33F19F5828EC16AD00FA46C0 /* Resources */ = {
			isa = PBXResourcesBuildPhase;
			buildActionMask = 2147483647;
			files = (
			);
			runOnlyForDeploymentPostprocessing = 0;
		};
/* End PBXResourcesBuildPhase section */

/* Begin PBXSourcesBuildPhase section */
		33F19F3C28EC16AB00FA46C0 /* Sources */ = {
			isa = PBXSourcesBuildPhase;
			buildActionMask = 2147483647;
			files = (
				33F19F6E28EC17FD00FA46C0 /* JournalEntry.swift in Sources */,
				33F19F4628EC16AB00FA46C0 /* ContentView.swift in Sources */,
				33F19F4428EC16AB00FA46C0 /* journal_swiftuiApp.swift in Sources */,
				33F19F7028EC185000FA46C0 /* Journal.swift in Sources */,
			);
			runOnlyForDeploymentPostprocessing = 0;
		};
		33F19F4C28EC16AD00FA46C0 /* Sources */ = {
			isa = PBXSourcesBuildPhase;
			buildActionMask = 2147483647;
			files = (
				33F19F5528EC16AD00FA46C0 /* journal_swiftuiTests.swift in Sources */,
			);
			runOnlyForDeploymentPostprocessing = 0;
		};
		33F19F5628EC16AD00FA46C0 /* Sources */ = {
			isa = PBXSourcesBuildPhase;
			buildActionMask = 2147483647;
			files = (
				33F19F6128EC16AD00FA46C0 /* journal_swiftuiUITestsLaunchTests.swift in Sources */,
				33F19F5F28EC16AD00FA46C0 /* journal_swiftuiUITests.swift in Sources */,
			);
			runOnlyForDeploymentPostprocessing = 0;
		};
/* End PBXSourcesBuildPhase section */

/* Begin PBXTargetDependency section */
		33F19F5228EC16AD00FA46C0 /* PBXTargetDependency */ = {
			isa = PBXTargetDependency;
			target = 33F19F3F28EC16AB00FA46C0 /* journal_swiftui */;
			targetProxy = 33F19F5128EC16AD00FA46C0 /* PBXContainerItemProxy */;
		};
		33F19F5C28EC16AD00FA46C0 /* PBXTargetDependency */ = {
			isa = PBXTargetDependency;
			target = 33F19F3F28EC16AB00FA46C0 /* journal_swiftui */;
			targetProxy = 33F19F5B28EC16AD00FA46C0 /* PBXContainerItemProxy */;
		};
/* End PBXTargetDependency section */

/* Begin XCBuildConfiguration section */
		33F19F6228EC16AD00FA46C0 /* Debug */ = {
			isa = XCBuildConfiguration;
			buildSettings = {
				ALWAYS_SEARCH_USER_PATHS = NO;
				CLANG_ANALYZER_NONNULL = YES;
				CLANG_ANALYZER_NUMBER_OBJECT_CONVERSION = YES_AGGRESSIVE;
				CLANG_CXX_LANGUAGE_STANDARD = "gnu++20";
				CLANG_ENABLE_MODULES = YES;
				CLANG_ENABLE_OBJC_ARC = YES;
				CLANG_ENABLE_OBJC_WEAK = YES;
				CLANG_WARN_BLOCK_CAPTURE_AUTORELEASING = YES;
				CLANG_WARN_BOOL_CONVERSION = YES;
				CLANG_WARN_COMMA = YES;
				CLANG_WARN_CONSTANT_CONVERSION = YES;
				CLANG_WARN_DEPRECATED_OBJC_IMPLEMENTATIONS = YES;
				CLANG_WARN_DIRECT_OBJC_ISA_USAGE = YES_ERROR;
				CLANG_WARN_DOCUMENTATION_COMMENTS = YES;
				CLANG_WARN_EMPTY_BODY = YES;
				CLANG_WARN_ENUM_CONVERSION = YES;
				CLANG_WARN_INFINITE_RECURSION = YES;
				CLANG_WARN_INT_CONVERSION = YES;
				CLANG_WARN_NON_LITERAL_NULL_CONVERSION = YES;
				CLANG_WARN_OBJC_IMPLICIT_RETAIN_SELF = YES;
				CLANG_WARN_OBJC_LITERAL_CONVERSION = YES;
				CLANG_WARN_OBJC_ROOT_CLASS = YES_ERROR;
				CLANG_WARN_QUOTED_INCLUDE_IN_FRAMEWORK_HEADER = YES;
				CLANG_WARN_RANGE_LOOP_ANALYSIS = YES;
				CLANG_WARN_STRICT_PROTOTYPES = YES;
				CLANG_WARN_SUSPICIOUS_MOVE = YES;
				CLANG_WARN_UNGUARDED_AVAILABILITY = YES_AGGRESSIVE;
				CLANG_WARN_UNREACHABLE_CODE = YES;
				CLANG_WARN__DUPLICATE_METHOD_MATCH = YES;
				COPY_PHASE_STRIP = NO;
				DEBUG_INFORMATION_FORMAT = dwarf;
				ENABLE_STRICT_OBJC_MSGSEND = YES;
				ENABLE_TESTABILITY = YES;
				GCC_C_LANGUAGE_STANDARD = gnu11;
				GCC_DYNAMIC_NO_PIC = NO;
				GCC_NO_COMMON_BLOCKS = YES;
				GCC_OPTIMIZATION_LEVEL = 0;
				GCC_PREPROCESSOR_DEFINITIONS = (
					"DEBUG=1",
					"$(inherited)",
				);
				GCC_WARN_64_TO_32_BIT_CONVERSION = YES;
				GCC_WARN_ABOUT_RETURN_TYPE = YES_ERROR;
				GCC_WARN_UNDECLARED_SELECTOR = YES;
				GCC_WARN_UNINITIALIZED_AUTOS = YES_AGGRESSIVE;
				GCC_WARN_UNUSED_FUNCTION = YES;
				GCC_WARN_UNUSED_VARIABLE = YES;
				IPHONEOS_DEPLOYMENT_TARGET = 16.0;
				MTL_ENABLE_DEBUG_INFO = INCLUDE_SOURCE;
				MTL_FAST_MATH = YES;
				ONLY_ACTIVE_ARCH = YES;
				SDKROOT = iphoneos;
				SWIFT_ACTIVE_COMPILATION_CONDITIONS = DEBUG;
				SWIFT_OPTIMIZATION_LEVEL = "-Onone";
			};
			name = Debug;
		};
		33F19F6328EC16AD00FA46C0 /* Release */ = {
			isa = XCBuildConfiguration;
			buildSettings = {
				ALWAYS_SEARCH_USER_PATHS = NO;
				CLANG_ANALYZER_NONNULL = YES;
				CLANG_ANALYZER_NUMBER_OBJECT_CONVERSION = YES_AGGRESSIVE;
				CLANG_CXX_LANGUAGE_STANDARD = "gnu++20";
				CLANG_ENABLE_MODULES = YES;
				CLANG_ENABLE_OBJC_ARC = YES;
				CLANG_ENABLE_OBJC_WEAK = YES;
				CLANG_WARN_BLOCK_CAPTURE_AUTORELEASING = YES;
				CLANG_WARN_BOOL_CONVERSION = YES;
				CLANG_WARN_COMMA = YES;
				CLANG_WARN_CONSTANT_CONVERSION = YES;
				CLANG_WARN_DEPRECATED_OBJC_IMPLEMENTATIONS = YES;
				CLANG_WARN_DIRECT_OBJC_ISA_USAGE = YES_ERROR;
				CLANG_WARN_DOCUMENTATION_COMMENTS = YES;
				CLANG_WARN_EMPTY_BODY = YES;
				CLANG_WARN_ENUM_CONVERSION = YES;
				CLANG_WARN_INFINITE_RECURSION = YES;
				CLANG_WARN_INT_CONVERSION = YES;
				CLANG_WARN_NON_LITERAL_NULL_CONVERSION = YES;
				CLANG_WARN_OBJC_IMPLICIT_RETAIN_SELF = YES;
				CLANG_WARN_OBJC_LITERAL_CONVERSION = YES;
				CLANG_WARN_OBJC_ROOT_CLASS = YES_ERROR;
				CLANG_WARN_QUOTED_INCLUDE_IN_FRAMEWORK_HEADER = YES;
				CLANG_WARN_RANGE_LOOP_ANALYSIS = YES;
				CLANG_WARN_STRICT_PROTOTYPES = YES;
				CLANG_WARN_SUSPICIOUS_MOVE = YES;
				CLANG_WARN_UNGUARDED_AVAILABILITY = YES_AGGRESSIVE;
				CLANG_WARN_UNREACHABLE_CODE = YES;
				CLANG_WARN__DUPLICATE_METHOD_MATCH = YES;
				COPY_PHASE_STRIP = NO;
				DEBUG_INFORMATION_FORMAT = "dwarf-with-dsym";
				ENABLE_NS_ASSERTIONS = NO;
				ENABLE_STRICT_OBJC_MSGSEND = YES;
				GCC_C_LANGUAGE_STANDARD = gnu11;
				GCC_NO_COMMON_BLOCKS = YES;
				GCC_WARN_64_TO_32_BIT_CONVERSION = YES;
				GCC_WARN_ABOUT_RETURN_TYPE = YES_ERROR;
				GCC_WARN_UNDECLARED_SELECTOR = YES;
				GCC_WARN_UNINITIALIZED_AUTOS = YES_AGGRESSIVE;
				GCC_WARN_UNUSED_FUNCTION = YES;
				GCC_WARN_UNUSED_VARIABLE = YES;
				IPHONEOS_DEPLOYMENT_TARGET = 16.0;
				MTL_ENABLE_DEBUG_INFO = NO;
				MTL_FAST_MATH = YES;
				SDKROOT = iphoneos;
				SWIFT_COMPILATION_MODE = wholemodule;
				SWIFT_OPTIMIZATION_LEVEL = "-O";
				VALIDATE_PRODUCT = YES;
			};
			name = Release;
		};
		33F19F6528EC16AD00FA46C0 /* Debug */ = {
			isa = XCBuildConfiguration;
			buildSettings = {
				ASSETCATALOG_COMPILER_APPICON_NAME = AppIcon;
				ASSETCATALOG_COMPILER_GLOBAL_ACCENT_COLOR_NAME = AccentColor;
				CODE_SIGN_STYLE = Automatic;
				CURRENT_PROJECT_VERSION = 1;
				DEVELOPMENT_ASSET_PATHS = "\"journal_swiftui/Preview Content\"";
				DEVELOPMENT_TEAM = 8Z2SQL9F4K;
				ENABLE_PREVIEWS = YES;
				GENERATE_INFOPLIST_FILE = YES;
				INFOPLIST_KEY_UIApplicationSceneManifest_Generation = YES;
				INFOPLIST_KEY_UIApplicationSupportsIndirectInputEvents = YES;
				INFOPLIST_KEY_UILaunchScreen_Generation = YES;
				INFOPLIST_KEY_UISupportedInterfaceOrientations_iPad = "UIInterfaceOrientationPortrait UIInterfaceOrientationPortraitUpsideDown UIInterfaceOrientationLandscapeLeft UIInterfaceOrientationLandscapeRight";
				INFOPLIST_KEY_UISupportedInterfaceOrientations_iPhone = "UIInterfaceOrientationPortrait UIInterfaceOrientationLandscapeLeft UIInterfaceOrientationLandscapeRight";
				LD_RUNPATH_SEARCH_PATHS = (
					"$(inherited)",
					"@executable_path/Frameworks",
				);
				MARKETING_VERSION = 1.0;
				PRODUCT_BUNDLE_IDENTIFIER = "SaimanChen.journal-swiftui";
				PRODUCT_NAME = "$(TARGET_NAME)";
				SWIFT_EMIT_LOC_STRINGS = YES;
				SWIFT_VERSION = 5.0;
				TARGETED_DEVICE_FAMILY = "1,2";
			};
			name = Debug;
		};
		33F19F6628EC16AD00FA46C0 /* Release */ = {
			isa = XCBuildConfiguration;
			buildSettings = {
				ASSETCATALOG_COMPILER_APPICON_NAME = AppIcon;
				ASSETCATALOG_COMPILER_GLOBAL_ACCENT_COLOR_NAME = AccentColor;
				CODE_SIGN_STYLE = Automatic;
				CURRENT_PROJECT_VERSION = 1;
				DEVELOPMENT_ASSET_PATHS = "\"journal_swiftui/Preview Content\"";
				DEVELOPMENT_TEAM = 8Z2SQL9F4K;
				ENABLE_PREVIEWS = YES;
				GENERATE_INFOPLIST_FILE = YES;
				INFOPLIST_KEY_UIApplicationSceneManifest_Generation = YES;
				INFOPLIST_KEY_UIApplicationSupportsIndirectInputEvents = YES;
				INFOPLIST_KEY_UILaunchScreen_Generation = YES;
				INFOPLIST_KEY_UISupportedInterfaceOrientations_iPad = "UIInterfaceOrientationPortrait UIInterfaceOrientationPortraitUpsideDown UIInterfaceOrientationLandscapeLeft UIInterfaceOrientationLandscapeRight";
				INFOPLIST_KEY_UISupportedInterfaceOrientations_iPhone = "UIInterfaceOrientationPortrait UIInterfaceOrientationLandscapeLeft UIInterfaceOrientationLandscapeRight";
				LD_RUNPATH_SEARCH_PATHS = (
					"$(inherited)",
					"@executable_path/Frameworks",
				);
				MARKETING_VERSION = 1.0;
				PRODUCT_BUNDLE_IDENTIFIER = "SaimanChen.journal-swiftui";
				PRODUCT_NAME = "$(TARGET_NAME)";
				SWIFT_EMIT_LOC_STRINGS = YES;
				SWIFT_VERSION = 5.0;
				TARGETED_DEVICE_FAMILY = "1,2";
			};
			name = Release;
		};
		33F19F6828EC16AD00FA46C0 /* Debug */ = {
			isa = XCBuildConfiguration;
			buildSettings = {
				ALWAYS_EMBED_SWIFT_STANDARD_LIBRARIES = YES;
				BUNDLE_LOADER = "$(TEST_HOST)";
				CODE_SIGN_STYLE = Automatic;
				CURRENT_PROJECT_VERSION = 1;
				DEVELOPMENT_TEAM = 8Z2SQL9F4K;
				GENERATE_INFOPLIST_FILE = YES;
				IPHONEOS_DEPLOYMENT_TARGET = 16.0;
				MARKETING_VERSION = 1.0;
				PRODUCT_BUNDLE_IDENTIFIER = "SaimanChen.journal-swiftuiTests";
				PRODUCT_NAME = "$(TARGET_NAME)";
				SWIFT_EMIT_LOC_STRINGS = NO;
				SWIFT_VERSION = 5.0;
				TARGETED_DEVICE_FAMILY = "1,2";
				TEST_HOST = "$(BUILT_PRODUCTS_DIR)/journal_swiftui.app/$(BUNDLE_EXECUTABLE_FOLDER_PATH)/journal_swiftui";
			};
			name = Debug;
		};
		33F19F6928EC16AD00FA46C0 /* Release */ = {
			isa = XCBuildConfiguration;
			buildSettings = {
				ALWAYS_EMBED_SWIFT_STANDARD_LIBRARIES = YES;
				BUNDLE_LOADER = "$(TEST_HOST)";
				CODE_SIGN_STYLE = Automatic;
				CURRENT_PROJECT_VERSION = 1;
				DEVELOPMENT_TEAM = 8Z2SQL9F4K;
				GENERATE_INFOPLIST_FILE = YES;
				IPHONEOS_DEPLOYMENT_TARGET = 16.0;
				MARKETING_VERSION = 1.0;
				PRODUCT_BUNDLE_IDENTIFIER = "SaimanChen.journal-swiftuiTests";
				PRODUCT_NAME = "$(TARGET_NAME)";
				SWIFT_EMIT_LOC_STRINGS = NO;
				SWIFT_VERSION = 5.0;
				TARGETED_DEVICE_FAMILY = "1,2";
				TEST_HOST = "$(BUILT_PRODUCTS_DIR)/journal_swiftui.app/$(BUNDLE_EXECUTABLE_FOLDER_PATH)/journal_swiftui";
			};
			name = Release;
		};
		33F19F6B28EC16AD00FA46C0 /* Debug */ = {
			isa = XCBuildConfiguration;
			buildSettings = {
				ALWAYS_EMBED_SWIFT_STANDARD_LIBRARIES = YES;
				CODE_SIGN_STYLE = Automatic;
				CURRENT_PROJECT_VERSION = 1;
				DEVELOPMENT_TEAM = 8Z2SQL9F4K;
				GENERATE_INFOPLIST_FILE = YES;
				MARKETING_VERSION = 1.0;
				PRODUCT_BUNDLE_IDENTIFIER = "SaimanChen.journal-swiftuiUITests";
				PRODUCT_NAME = "$(TARGET_NAME)";
				SWIFT_EMIT_LOC_STRINGS = NO;
				SWIFT_VERSION = 5.0;
				TARGETED_DEVICE_FAMILY = "1,2";
				TEST_TARGET_NAME = journal_swiftui;
			};
			name = Debug;
		};
		33F19F6C28EC16AD00FA46C0 /* Release */ = {
			isa = XCBuildConfiguration;
			buildSettings = {
				ALWAYS_EMBED_SWIFT_STANDARD_LIBRARIES = YES;
				CODE_SIGN_STYLE = Automatic;
				CURRENT_PROJECT_VERSION = 1;
				DEVELOPMENT_TEAM = 8Z2SQL9F4K;
				GENERATE_INFOPLIST_FILE = YES;
				MARKETING_VERSION = 1.0;
				PRODUCT_BUNDLE_IDENTIFIER = "SaimanChen.journal-swiftuiUITests";
				PRODUCT_NAME = "$(TARGET_NAME)";
				SWIFT_EMIT_LOC_STRINGS = NO;
				SWIFT_VERSION = 5.0;
				TARGETED_DEVICE_FAMILY = "1,2";
				TEST_TARGET_NAME = journal_swiftui;
			};
			name = Release;
		};
/* End XCBuildConfiguration section */

/* Begin XCConfigurationList section */
		33F19F3B28EC16AB00FA46C0 /* Build configuration list for PBXProject "journal_swiftui" */ = {
			isa = XCConfigurationList;
			buildConfigurations = (
				33F19F6228EC16AD00FA46C0 /* Debug */,
				33F19F6328EC16AD00FA46C0 /* Release */,
			);
			defaultConfigurationIsVisible = 0;
			defaultConfigurationName = Release;
		};
		33F19F6428EC16AD00FA46C0 /* Build configuration list for PBXNativeTarget "journal_swiftui" */ = {
			isa = XCConfigurationList;
			buildConfigurations = (
				33F19F6528EC16AD00FA46C0 /* Debug */,
				33F19F6628EC16AD00FA46C0 /* Release */,
			);
			defaultConfigurationIsVisible = 0;
			defaultConfigurationName = Release;
		};
		33F19F6728EC16AD00FA46C0 /* Build configuration list for PBXNativeTarget "journal_swiftuiTests" */ = {
			isa = XCConfigurationList;
			buildConfigurations = (
				33F19F6828EC16AD00FA46C0 /* Debug */,
				33F19F6928EC16AD00FA46C0 /* Release */,
			);
			defaultConfigurationIsVisible = 0;
			defaultConfigurationName = Release;
		};
		33F19F6A28EC16AD00FA46C0 /* Build configuration list for PBXNativeTarget "journal_swiftuiUITests" */ = {
			isa = XCConfigurationList;
			buildConfigurations = (
				33F19F6B28EC16AD00FA46C0 /* Debug */,
				33F19F6C28EC16AD00FA46C0 /* Release */,
			);
			defaultConfigurationIsVisible = 0;
			defaultConfigurationName = Release;
		};
/* End XCConfigurationList section */
	};
	rootObject = 33F19F3828EC16AB00FA46C0 /* Project object */;
}
